
Microsoft Visual Studio Solution File, Format Version 12.00
# Visual Studio Version 17
VisualStudioVersion = 17.1.32319.34
MinimumVisualStudioVersion = 10.0.40219.1
Project("{9A19103F-16F7-4668-BE54-9A1E7A4F7556}") = "BlogManagementMVC", "BlogManagementMVC.csproj", "{5C88024B-9987-4213-A2C7-64E168DA2E3A}"
EndProject
Project("{9A19103F-16F7-4668-BE54-9A1E7A4F7556}") = "DataAccess", "..\DataAccess\DataAccess.csproj", "{6208BF9C-11E6-4647-BB55-CAF0B01A7D05}"
EndProject
Project("{9A19103F-16F7-4668-BE54-9A1E7A4F7556}") = "Repository", "..\Repository\Repository.csproj", "{F9225627-ACCD-47A5-9568-D9B729DEFB67}"
EndProject
Project("{9A19103F-16F7-4668-BE54-9A1E7A4F7556}") = "Common", "..\Common\Common.csproj", "{DC5448E6-E050-4D6D-99EE-2CF94FA00133}"
EndProject
Project("{FAE04EC0-301F-11D3-BF4B-00C04F79EFBC}") = "MapModels", "..\MapModels\MapModels.csproj", "{0C45D9C6-4306-4F41-AD0D-CA4CAB8C527F}"
EndProject
Global
	GlobalSection(SolutionConfigurationPlatforms) = preSolution
		Debug|Any CPU = Debug|Any CPU
		Release|Any CPU = Release|Any CPU
	EndGlobalSection
	GlobalSection(ProjectConfigurationPlatforms) = postSolution
		{5C88024B-9987-4213-A2C7-64E168DA2E3A}.Debug|Any CPU.ActiveCfg = Debug|Any CPU
		{5C88024B-9987-4213-A2C7-64E168DA2E3A}.Debug|Any CPU.Build.0 = Debug|Any CPU
		{5C88024B-9987-4213-A2C7-64E168DA2E3A}.Release|Any CPU.ActiveCfg = Release|Any CPU
		{5C88024B-9987-4213-A2C7-64E168DA2E3A}.Release|Any CPU.Build.0 = Release|Any CPU
		{6208BF9C-11E6-4647-BB55-CAF0B01A7D05}.Debug|Any CPU.ActiveCfg = Debug|Any CPU
		{6208BF9C-11E6-4647-BB55-CAF0B01A7D05}.Debug|Any CPU.Build.0 = Debug|Any CPU
		{6208BF9C-11E6-4647-BB55-CAF0B01A7D05}.Release|Any CPU.ActiveCfg = Release|Any CPU
		{6208BF9C-11E6-4647-BB55-CAF0B01A7D05}.Release|Any CPU.Build.0 = Release|Any CPU
		{F9225627-ACCD-47A5-9568-D9B729DEFB67}.Debug|Any CPU.ActiveCfg = Debug|Any CPU
		{F9225627-ACCD-47A5-9568-D9B729DEFB67}.Debug|Any CPU.Build.0 = Debug|Any CPU
		{F9225627-ACCD-47A5-9568-D9B729DEFB67}.Release|Any CPU.ActiveCfg = Release|Any CPU
		{F9225627-ACCD-47A5-9568-D9B729DEFB67}.Release|Any CPU.Build.0 = Release|Any CPU
		{DC5448E6-E050-4D6D-99EE-2CF94FA00133}.Debug|Any CPU.ActiveCfg = Debug|Any CPU
		{DC5448E6-E050-4D6D-99EE-2CF94FA00133}.Debug|Any CPU.Build.0 = Debug|Any CPU
		{DC5448E6-E050-4D6D-99EE-2CF94FA00133}.Release|Any CPU.ActiveCfg = Release|Any CPU
		{DC5448E6-E050-4D6D-99EE-2CF94FA00133}.Release|Any CPU.Build.0 = Release|Any CPU
		{0C45D9C6-4306-4F41-AD0D-CA4CAB8C527F}.Debug|Any CPU.ActiveCfg = Debug|Any CPU
		{0C45D9C6-4306-4F41-AD0D-CA4CAB8C527F}.Debug|Any CPU.Build.0 = Debug|Any CPU
		{0C45D9C6-4306-4F41-AD0D-CA4CAB8C527F}.Release|Any CPU.ActiveCfg = Release|Any CPU
		{0C45D9C6-4306-4F41-AD0D-CA4CAB8C527F}.Release|Any CPU.Build.0 = Release|Any CPU
	EndGlobalSection
	GlobalSection(SolutionProperties) = preSolution
		HideSolutionNode = FALSE
	EndGlobalSection
	GlobalSection(ExtensibilityGlobals) = postSolution
		SolutionGuid = {FF0925BD-7CD0-471A-9104-0505F524525F}
	EndGlobalSection
EndGlobal
